
Microsoft Visual Studio Solution File, Format Version 12.00
# Visual Studio Version 17
VisualStudioVersion = 17.6.33712.159
MinimumVisualStudioVersion = 10.0.40219.1
Project("{9A19103F-16F7-4668-BE54-9A1E7A4F7556}") = "ConsoleApp16", "ConsoleApp16\ConsoleApp16.csproj", "{0C42E1F9-C216-4569-84E1-B6BEE62530BA}"
EndProject
Project("{9A19103F-16F7-4668-BE54-9A1E7A4F7556}") = "AvroSerializer.Generators", "AvroSerializerGenerators\AvroSerializer.Generators.csproj", "{B4CB5578-9636-49C9-B76B-30FAFCF3339F}"
EndProject
Project("{9A19103F-16F7-4668-BE54-9A1E7A4F7556}") = "AvroSerializer.Abstractions", "AvroSerializer.Abstractions\AvroSerializer.Abstractions.csproj", "{07509DD9-2886-47DE-AE51-57C0E0A3C62F}"
EndProject
Global
	GlobalSection(SolutionConfigurationPlatforms) = preSolution
		Debug|Any CPU = Debug|Any CPU
		Release|Any CPU = Release|Any CPU
	EndGlobalSection
	GlobalSection(ProjectConfigurationPlatforms) = postSolution
		{0C42E1F9-C216-4569-84E1-B6BEE62530BA}.Debug|Any CPU.ActiveCfg = Debug|Any CPU
		{0C42E1F9-C216-4569-84E1-B6BEE62530BA}.Debug|Any CPU.Build.0 = Debug|Any CPU
		{0C42E1F9-C216-4569-84E1-B6BEE62530BA}.Release|Any CPU.ActiveCfg = Release|Any CPU
		{0C42E1F9-C216-4569-84E1-B6BEE62530BA}.Release|Any CPU.Build.0 = Release|Any CPU
		{B4CB5578-9636-49C9-B76B-30FAFCF3339F}.Debug|Any CPU.ActiveCfg = Debug|Any CPU
		{B4CB5578-9636-49C9-B76B-30FAFCF3339F}.Debug|Any CPU.Build.0 = Debug|Any CPU
		{B4CB5578-9636-49C9-B76B-30FAFCF3339F}.Release|Any CPU.ActiveCfg = Release|Any CPU
		{B4CB5578-9636-49C9-B76B-30FAFCF3339F}.Release|Any CPU.Build.0 = Release|Any CPU
		{07509DD9-2886-47DE-AE51-57C0E0A3C62F}.Debug|Any CPU.ActiveCfg = Debug|Any CPU
		{07509DD9-2886-47DE-AE51-57C0E0A3C62F}.Debug|Any CPU.Build.0 = Debug|Any CPU
		{07509DD9-2886-47DE-AE51-57C0E0A3C62F}.Release|Any CPU.ActiveCfg = Release|Any CPU
		{07509DD9-2886-47DE-AE51-57C0E0A3C62F}.Release|Any CPU.Build.0 = Release|Any CPU
	EndGlobalSection
	GlobalSection(SolutionProperties) = preSolution
		HideSolutionNode = FALSE
	EndGlobalSection
	GlobalSection(ExtensibilityGlobals) = postSolution
		SolutionGuid = {22F6DE55-AE4C-45DA-A7E2-DAECBF43E0C6}
	EndGlobalSection
EndGlobal
