
Microsoft Visual Studio Solution File, Format Version 12.00
# Visual Studio Version 17
VisualStudioVersion = 17.6.33712.159
MinimumVisualStudioVersion = 10.0.40219.1
Project("{2150E333-8FDC-42A3-9474-1A3956D46DE8}") = "src", "src", "{889A8BF9-4712-4207-B972-585A3B939828}"
EndProject
Project("{9A19103F-16F7-4668-BE54-9A1E7A4F7556}") = "DotNetAvroSerializer.Generators", "src\AvroSerializer.Generators\DotNetAvroSerializer.Generators.csproj", "{539B8084-E539-4852-B072-9CF93AF72AE8}"
EndProject
Project("{2150E333-8FDC-42A3-9474-1A3956D46DE8}") = "test", "test", "{1D44F55D-A7EB-4C5A-9E06-AEAC301B1454}"
EndProject
Project("{2150E333-8FDC-42A3-9474-1A3956D46DE8}") = "benchmarks", "benchmarks", "{4F4F9197-B785-4365-9247-F42D3361074F}"
EndProject
Project("{9A19103F-16F7-4668-BE54-9A1E7A4F7556}") = "DotNetAvroSerializer.Benchmarks", "benchmarks\AvroSerializer.Benchmarks\DotNetAvroSerializer.Benchmarks.csproj", "{7DEC8099-52FE-496B-A5A1-FE5616D7E88C}"
EndProject
Project("{9A19103F-16F7-4668-BE54-9A1E7A4F7556}") = "DotNetAvroSerializer.Write.Tests", "tests\AvroSerializer.Write.Tests\DotNetAvroSerializer.Write.Tests.csproj", "{AD5A36E3-930B-4633-AD8E-E0C442355369}"
EndProject
Project("{2150E333-8FDC-42A3-9474-1A3956D46DE8}") = ".repo", ".repo", "{0871CC56-D238-4517-9019-92E9FE21DC7D}"
	ProjectSection(SolutionItems) = preProject
		.gitattributes = .gitattributes
		.gitignore = .gitignore
		LICENSE.md = LICENSE.md
		README.md = README.md
	EndProjectSection
EndProject
Project("{9A19103F-16F7-4668-BE54-9A1E7A4F7556}") = "DotNetAvroSerializer", "src\AvroSerializer\DotNetAvroSerializer.csproj", "{D5405A49-C066-46E1-B2A0-C9C2503E1D77}"
EndProject
Project("{FAE04EC0-301F-11D3-BF4B-00C04F79EFBC}") = "ConsoleApp1", "ConsoleApp1\ConsoleApp1.csproj", "{E6546783-EC5F-47DC-A56D-A0F647347056}"
EndProject
Global
	GlobalSection(SolutionConfigurationPlatforms) = preSolution
		Debug|Any CPU = Debug|Any CPU
		Release|Any CPU = Release|Any CPU
	EndGlobalSection
	GlobalSection(ProjectConfigurationPlatforms) = postSolution
		{539B8084-E539-4852-B072-9CF93AF72AE8}.Debug|Any CPU.ActiveCfg = Debug|Any CPU
		{539B8084-E539-4852-B072-9CF93AF72AE8}.Debug|Any CPU.Build.0 = Debug|Any CPU
		{539B8084-E539-4852-B072-9CF93AF72AE8}.Release|Any CPU.ActiveCfg = Release|Any CPU
		{539B8084-E539-4852-B072-9CF93AF72AE8}.Release|Any CPU.Build.0 = Release|Any CPU
		{7DEC8099-52FE-496B-A5A1-FE5616D7E88C}.Debug|Any CPU.ActiveCfg = Debug|Any CPU
		{7DEC8099-52FE-496B-A5A1-FE5616D7E88C}.Debug|Any CPU.Build.0 = Debug|Any CPU
		{7DEC8099-52FE-496B-A5A1-FE5616D7E88C}.Release|Any CPU.ActiveCfg = Release|Any CPU
		{7DEC8099-52FE-496B-A5A1-FE5616D7E88C}.Release|Any CPU.Build.0 = Release|Any CPU
		{AD5A36E3-930B-4633-AD8E-E0C442355369}.Debug|Any CPU.ActiveCfg = Debug|Any CPU
		{AD5A36E3-930B-4633-AD8E-E0C442355369}.Debug|Any CPU.Build.0 = Debug|Any CPU
		{AD5A36E3-930B-4633-AD8E-E0C442355369}.Release|Any CPU.ActiveCfg = Release|Any CPU
		{AD5A36E3-930B-4633-AD8E-E0C442355369}.Release|Any CPU.Build.0 = Release|Any CPU
		{D5405A49-C066-46E1-B2A0-C9C2503E1D77}.Debug|Any CPU.ActiveCfg = Debug|Any CPU
		{D5405A49-C066-46E1-B2A0-C9C2503E1D77}.Debug|Any CPU.Build.0 = Debug|Any CPU
		{D5405A49-C066-46E1-B2A0-C9C2503E1D77}.Release|Any CPU.ActiveCfg = Release|Any CPU
		{D5405A49-C066-46E1-B2A0-C9C2503E1D77}.Release|Any CPU.Build.0 = Release|Any CPU
		{E6546783-EC5F-47DC-A56D-A0F647347056}.Debug|Any CPU.ActiveCfg = Debug|Any CPU
		{E6546783-EC5F-47DC-A56D-A0F647347056}.Debug|Any CPU.Build.0 = Debug|Any CPU
		{E6546783-EC5F-47DC-A56D-A0F647347056}.Release|Any CPU.ActiveCfg = Release|Any CPU
		{E6546783-EC5F-47DC-A56D-A0F647347056}.Release|Any CPU.Build.0 = Release|Any CPU
	EndGlobalSection
	GlobalSection(SolutionProperties) = preSolution
		HideSolutionNode = FALSE
	EndGlobalSection
	GlobalSection(NestedProjects) = preSolution
		{539B8084-E539-4852-B072-9CF93AF72AE8} = {889A8BF9-4712-4207-B972-585A3B939828}
		{7DEC8099-52FE-496B-A5A1-FE5616D7E88C} = {4F4F9197-B785-4365-9247-F42D3361074F}
		{AD5A36E3-930B-4633-AD8E-E0C442355369} = {1D44F55D-A7EB-4C5A-9E06-AEAC301B1454}
		{D5405A49-C066-46E1-B2A0-C9C2503E1D77} = {889A8BF9-4712-4207-B972-585A3B939828}
		{E6546783-EC5F-47DC-A56D-A0F647347056} = {1D44F55D-A7EB-4C5A-9E06-AEAC301B1454}
	EndGlobalSection
	GlobalSection(ExtensibilityGlobals) = postSolution
		SolutionGuid = {22F6DE55-AE4C-45DA-A7E2-DAECBF43E0C6}
	EndGlobalSection
EndGlobal
